
Microsoft Visual Studio Solution File, Format Version 12.00
# Visual Studio Version 17
VisualStudioVersion = 17.1.32421.90
MinimumVisualStudioVersion = 10.0.40219.1
Project("{FAE04EC0-301F-11D3-BF4B-00C04F79EFBC}") = "SpellRecolor", "SpellRecolor\SpellRecolor.csproj", "{D00C8558-451E-4B5B-9912-A3759B44116F}"
EndProject
Global
	GlobalSection(SolutionConfigurationPlatforms) = preSolution
		Debug|Any CPU = Debug|Any CPU
		Release|Any CPU = Release|Any CPU
	EndGlobalSection
	GlobalSection(ProjectConfigurationPlatforms) = postSolution
		{D00C8558-451E-4B5B-9912-A3759B44116F}.Debug|Any CPU.ActiveCfg = Debug|Any CPU
		{D00C8558-451E-4B5B-9912-A3759B44116F}.Debug|Any CPU.Build.0 = Debug|Any CPU
		{D00C8558-451E-4B5B-9912-A3759B44116F}.Release|Any CPU.ActiveCfg = Release|Any CPU
		{D00C8558-451E-4B5B-9912-A3759B44116F}.Release|Any CPU.Build.0 = Release|Any CPU
	EndGlobalSection
	GlobalSection(SolutionProperties) = preSolution
		HideSolutionNode = FALSE
	EndGlobalSection
	GlobalSection(ExtensibilityGlobals) = postSolution
		SolutionGuid = {003E0170-5AA4-4404-9AF5-05F2D752A5A2}
	EndGlobalSection
EndGlobal
